
Microsoft Visual Studio Solution File, Format Version 12.00
# Visual Studio Version 16
VisualStudioVersion = 16.0.29509.3
MinimumVisualStudioVersion = 10.0.40219.1
Project("{FAE04EC0-301F-11D3-BF4B-00C04F79EFBC}") = "Parse-Split_LS", "Parse-Split_LS\Parse-Split_LS.csproj", "{D6296099-685A-481F-A919-60E3B8AAA7A7}"
EndProject
Global
	GlobalSection(SolutionConfigurationPlatforms) = preSolution
		Debug|Any CPU = Debug|Any CPU
		Release|Any CPU = Release|Any CPU
	EndGlobalSection
	GlobalSection(ProjectConfigurationPlatforms) = postSolution
		{D6296099-685A-481F-A919-60E3B8AAA7A7}.Debug|Any CPU.ActiveCfg = Debug|Any CPU
		{D6296099-685A-481F-A919-60E3B8AAA7A7}.Debug|Any CPU.Build.0 = Debug|Any CPU
		{D6296099-685A-481F-A919-60E3B8AAA7A7}.Release|Any CPU.ActiveCfg = Release|Any CPU
		{D6296099-685A-481F-A919-60E3B8AAA7A7}.Release|Any CPU.Build.0 = Release|Any CPU
	EndGlobalSection
	GlobalSection(SolutionProperties) = preSolution
		HideSolutionNode = FALSE
	EndGlobalSection
	GlobalSection(ExtensibilityGlobals) = postSolution
		SolutionGuid = {00F77EC5-C267-4AB6-97FA-7529E325E6A1}
	EndGlobalSection
EndGlobal
